
Microsoft Visual Studio Solution File, Format Version 12.00
# Visual Studio 15
VisualStudioVersion = 15.0.26206.0
MinimumVisualStudioVersion = 10.0.40219.1
Project("{FAE04EC0-301F-11D3-BF4B-00C04F79EFBC}") = "openglfExample", "openglfExample\openglfExample.csproj", "{43789FD5-394E-4DBA-85B6-46B4EA7DAE9F}"
EndProject
Project("{FAE04EC0-301F-11D3-BF4B-00C04F79EFBC}") = "OpenGLF_EX", "OpenGLF_EX\OpenGLF_EX.csproj", "{21035298-FEC5-4FE1-A1B7-3D5E88349A0F}"
EndProject
Project("{FAE04EC0-301F-11D3-BF4B-00C04F79EFBC}") = "Framework", "..\Source\Framework\Framework.csproj", "{E9B2E136-8FB7-4383-91DF-2CE1D68246C5}"
EndProject
Project("{2150E333-8FDC-42A3-9474-1A3956D46DE8}") = "Dependencies", "Dependencies", "{B0F7F270-6E74-47F2-837D-620EF94C18C5}"
EndProject
Project("{FAE04EC0-301F-11D3-BF4B-00C04F79EFBC}") = "SimpleWidgetsLayoutScript", "..\..\SimpleWidgetsLayoutScript\SimpleWidgetsLayoutScript\SimpleWidgetsLayoutScript.csproj", "{C2F92B39-A449-4CE9-8817-21E32DE88657}"
EndProject
Project("{FAE04EC0-301F-11D3-BF4B-00C04F79EFBC}") = "BaseCalculator", "..\..\BaseCalculator\BaseCalculator\BaseCalculator.csproj", "{6EA40255-CB2E-4BD7-815E-10E21AA93EEE}"
EndProject
Global
	GlobalSection(SolutionConfigurationPlatforms) = preSolution
		Debug|Any CPU = Debug|Any CPU
		NEW_DEBUG|Any CPU = NEW_DEBUG|Any CPU
		Release|Any CPU = Release|Any CPU
	EndGlobalSection
	GlobalSection(ProjectConfigurationPlatforms) = postSolution
		{43789FD5-394E-4DBA-85B6-46B4EA7DAE9F}.Debug|Any CPU.ActiveCfg = Debug|Any CPU
		{43789FD5-394E-4DBA-85B6-46B4EA7DAE9F}.Debug|Any CPU.Build.0 = Debug|Any CPU
		{43789FD5-394E-4DBA-85B6-46B4EA7DAE9F}.NEW_DEBUG|Any CPU.ActiveCfg = Debug|Any CPU
		{43789FD5-394E-4DBA-85B6-46B4EA7DAE9F}.NEW_DEBUG|Any CPU.Build.0 = Debug|Any CPU
		{43789FD5-394E-4DBA-85B6-46B4EA7DAE9F}.Release|Any CPU.ActiveCfg = Release|Any CPU
		{43789FD5-394E-4DBA-85B6-46B4EA7DAE9F}.Release|Any CPU.Build.0 = Release|Any CPU
		{21035298-FEC5-4FE1-A1B7-3D5E88349A0F}.Debug|Any CPU.ActiveCfg = Debug|Any CPU
		{21035298-FEC5-4FE1-A1B7-3D5E88349A0F}.Debug|Any CPU.Build.0 = Debug|Any CPU
		{21035298-FEC5-4FE1-A1B7-3D5E88349A0F}.NEW_DEBUG|Any CPU.ActiveCfg = Debug|Any CPU
		{21035298-FEC5-4FE1-A1B7-3D5E88349A0F}.NEW_DEBUG|Any CPU.Build.0 = Debug|Any CPU
		{21035298-FEC5-4FE1-A1B7-3D5E88349A0F}.Release|Any CPU.ActiveCfg = Release|Any CPU
		{21035298-FEC5-4FE1-A1B7-3D5E88349A0F}.Release|Any CPU.Build.0 = Release|Any CPU
		{E9B2E136-8FB7-4383-91DF-2CE1D68246C5}.Debug|Any CPU.ActiveCfg = Debug|Any CPU
		{E9B2E136-8FB7-4383-91DF-2CE1D68246C5}.Debug|Any CPU.Build.0 = Debug|Any CPU
		{E9B2E136-8FB7-4383-91DF-2CE1D68246C5}.NEW_DEBUG|Any CPU.ActiveCfg = NEW_DEBUG|Any CPU
		{E9B2E136-8FB7-4383-91DF-2CE1D68246C5}.NEW_DEBUG|Any CPU.Build.0 = NEW_DEBUG|Any CPU
		{E9B2E136-8FB7-4383-91DF-2CE1D68246C5}.Release|Any CPU.ActiveCfg = Release|Any CPU
		{E9B2E136-8FB7-4383-91DF-2CE1D68246C5}.Release|Any CPU.Build.0 = Release|Any CPU
		{C2F92B39-A449-4CE9-8817-21E32DE88657}.Debug|Any CPU.ActiveCfg = Debug|Any CPU
		{C2F92B39-A449-4CE9-8817-21E32DE88657}.Debug|Any CPU.Build.0 = Debug|Any CPU
		{C2F92B39-A449-4CE9-8817-21E32DE88657}.NEW_DEBUG|Any CPU.ActiveCfg = Release|Any CPU
		{C2F92B39-A449-4CE9-8817-21E32DE88657}.NEW_DEBUG|Any CPU.Build.0 = Release|Any CPU
		{C2F92B39-A449-4CE9-8817-21E32DE88657}.Release|Any CPU.ActiveCfg = Release|Any CPU
		{C2F92B39-A449-4CE9-8817-21E32DE88657}.Release|Any CPU.Build.0 = Release|Any CPU
		{6EA40255-CB2E-4BD7-815E-10E21AA93EEE}.Debug|Any CPU.ActiveCfg = Debug|Any CPU
		{6EA40255-CB2E-4BD7-815E-10E21AA93EEE}.Debug|Any CPU.Build.0 = Debug|Any CPU
		{6EA40255-CB2E-4BD7-815E-10E21AA93EEE}.NEW_DEBUG|Any CPU.ActiveCfg = Release|Any CPU
		{6EA40255-CB2E-4BD7-815E-10E21AA93EEE}.NEW_DEBUG|Any CPU.Build.0 = Release|Any CPU
		{6EA40255-CB2E-4BD7-815E-10E21AA93EEE}.Release|Any CPU.ActiveCfg = Release|Any CPU
		{6EA40255-CB2E-4BD7-815E-10E21AA93EEE}.Release|Any CPU.Build.0 = Release|Any CPU
	EndGlobalSection
	GlobalSection(SolutionProperties) = preSolution
		HideSolutionNode = FALSE
	EndGlobalSection
	GlobalSection(NestedProjects) = preSolution
		{21035298-FEC5-4FE1-A1B7-3D5E88349A0F} = {B0F7F270-6E74-47F2-837D-620EF94C18C5}
		{C2F92B39-A449-4CE9-8817-21E32DE88657} = {B0F7F270-6E74-47F2-837D-620EF94C18C5}
		{6EA40255-CB2E-4BD7-815E-10E21AA93EEE} = {B0F7F270-6E74-47F2-837D-620EF94C18C5}
	EndGlobalSection
EndGlobal
